// !$*UTF8*$!
{
	archiveVersion = 1;
	classes = {
	};
	objectVersion = 56;
	objects = {

/* Begin PBXBuildFile section */
		372F5DE529D0BD6000E46FCE /* AppDelegate.swift in Sources */ = {isa = PBXBuildFile; fileRef = 372F5DE429D0BD6000E46FCE /* AppDelegate.swift */; };
		372F5DE729D0BD6000E46FCE /* SceneDelegate.swift in Sources */ = {isa = PBXBuildFile; fileRef = 372F5DE629D0BD6000E46FCE /* SceneDelegate.swift */; };
		372F5DE929D0BD6000E46FCE /* ViewController.swift in Sources */ = {isa = PBXBuildFile; fileRef = 372F5DE829D0BD6000E46FCE /* ViewController.swift */; };
		372F5DEC29D0BD6000E46FCE /* Main.storyboard in Resources */ = {isa = PBXBuildFile; fileRef = 372F5DEA29D0BD6000E46FCE /* Main.storyboard */; };
		372F5DEE29D0BD6200E46FCE /* Assets.xcassets in Resources */ = {isa = PBXBuildFile; fileRef = 372F5DED29D0BD6200E46FCE /* Assets.xcassets */; };
		372F5DF129D0BD6200E46FCE /* LaunchScreen.storyboard in Resources */ = {isa = PBXBuildFile; fileRef = 372F5DEF29D0BD6200E46FCE /* LaunchScreen.storyboard */; };
		372F5DFA29D0BD8600E46FCE /* SQLite in Frameworks */ = {isa = PBXBuildFile; productRef = 372F5DF929D0BD8600E46FCE /* SQLite */; };
		379F3F1A29D14E33001AEC78 /* Employee.swift in Sources */ = {isa = PBXBuildFile; fileRef = 379F3F1929D14E33001AEC78 /* Employee.swift */; };
		379F3F1C29D14E67001AEC78 /* DBManager.swift in Sources */ = {isa = PBXBuildFile; fileRef = 379F3F1B29D14E67001AEC78 /* DBManager.swift */; };
		379F3F1E29D15544001AEC78 /* ContactViewController.swift in Sources */ = {isa = PBXBuildFile; fileRef = 379F3F1D29D15544001AEC78 /* ContactViewController.swift */; };
/* End PBXBuildFile section */

/* Begin PBXFileReference section */
		372F5DE129D0BD6000E46FCE /* sql_lesson.app */ = {isa = PBXFileReference; explicitFileType = wrapper.application; includeInIndex = 0; path = sql_lesson.app; sourceTree = BUILT_PRODUCTS_DIR; };
		372F5DE429D0BD6000E46FCE /* AppDelegate.swift */ = {isa = PBXFileReference; lastKnownFileType = sourcecode.swift; path = AppDelegate.swift; sourceTree = "<group>"; };
		372F5DE629D0BD6000E46FCE /* SceneDelegate.swift */ = {isa = PBXFileReference; lastKnownFileType = sourcecode.swift; path = SceneDelegate.swift; sourceTree = "<group>"; };
		372F5DE829D0BD6000E46FCE /* ViewController.swift */ = {isa = PBXFileReference; lastKnownFileType = sourcecode.swift; path = ViewController.swift; sourceTree = "<group>"; };
		372F5DEB29D0BD6000E46FCE /* Base */ = {isa = PBXFileReference; lastKnownFileType = file.storyboard; name = Base; path = Base.lproj/Main.storyboard; sourceTree = "<group>"; };
		372F5DED29D0BD6200E46FCE /* Assets.xcassets */ = {isa = PBXFileReference; lastKnownFileType = folder.assetcatalog; path = Assets.xcassets; sourceTree = "<group>"; };
		372F5DF029D0BD6200E46FCE /* Base */ = {isa = PBXFileReference; lastKnownFileType = file.storyboard; name = Base; path = Base.lproj/LaunchScreen.storyboard; sourceTree = "<group>"; };
		372F5DF229D0BD6200E46FCE /* Info.plist */ = {isa = PBXFileReference; lastKnownFileType = text.plist.xml; path = Info.plist; sourceTree = "<group>"; };
		379F3F1929D14E33001AEC78 /* Employee.swift */ = {isa = PBXFileReference; lastKnownFileType = sourcecode.swift; path = Employee.swift; sourceTree = "<group>"; };
		379F3F1B29D14E67001AEC78 /* DBManager.swift */ = {isa = PBXFileReference; lastKnownFileType = sourcecode.swift; path = DBManager.swift; sourceTree = "<group>"; };
		379F3F1D29D15544001AEC78 /* ContactViewController.swift */ = {isa = PBXFileReference; lastKnownFileType = sourcecode.swift; path = ContactViewController.swift; sourceTree = "<group>"; };
/* End PBXFileReference section */

/* Begin PBXFrameworksBuildPhase section */
		372F5DDE29D0BD6000E46FCE /* Frameworks */ = {
			isa = PBXFrameworksBuildPhase;
			buildActionMask = 2147483647;
			files = (
				372F5DFA29D0BD8600E46FCE /* SQLite in Frameworks */,
			);
			runOnlyForDeploymentPostprocessing = 0;
		};
/* End PBXFrameworksBuildPhase section */

/* Begin PBXGroup section */
		372F5DD829D0BD6000E46FCE = {
			isa = PBXGroup;
			children = (
				372F5DE329D0BD6000E46FCE /* sql_lesson */,
				372F5DE229D0BD6000E46FCE /* Products */,
			);
			sourceTree = "<group>";
		};
		372F5DE229D0BD6000E46FCE /* Products */ = {
			isa = PBXGroup;
			children = (
				372F5DE129D0BD6000E46FCE /* sql_lesson.app */,
			);
			name = Products;
			sourceTree = "<group>";
		};
		372F5DE329D0BD6000E46FCE /* sql_lesson */ = {
			isa = PBXGroup;
			children = (
				372F5DE429D0BD6000E46FCE /* AppDelegate.swift */,
				372F5DE629D0BD6000E46FCE /* SceneDelegate.swift */,
				372F5DE829D0BD6000E46FCE /* ViewController.swift */,
				372F5DEA29D0BD6000E46FCE /* Main.storyboard */,
				372F5DED29D0BD6200E46FCE /* Assets.xcassets */,
				372F5DEF29D0BD6200E46FCE /* LaunchScreen.storyboard */,
				372F5DF229D0BD6200E46FCE /* Info.plist */,
				379F3F1929D14E33001AEC78 /* Employee.swift */,
				379F3F1B29D14E67001AEC78 /* DBManager.swift */,
				379F3F1D29D15544001AEC78 /* ContactViewController.swift */,
			);
			path = sql_lesson;
			sourceTree = "<group>";
		};
/* End PBXGroup section */

/* Begin PBXNativeTarget section */
		372F5DE029D0BD6000E46FCE /* sql_lesson */ = {
			isa = PBXNativeTarget;
			buildConfigurationList = 372F5DF529D0BD6200E46FCE /* Build configuration list for PBXNativeTarget "sql_lesson" */;
			buildPhases = (
				372F5DDD29D0BD6000E46FCE /* Sources */,
				372F5DDE29D0BD6000E46FCE /* Frameworks */,
				372F5DDF29D0BD6000E46FCE /* Resources */,
			);
			buildRules = (
			);
			dependencies = (
			);
			name = sql_lesson;
			packageProductDependencies = (
				372F5DF929D0BD8600E46FCE /* SQLite */,
			);
			productName = sql_lesson;
			productReference = 372F5DE129D0BD6000E46FCE /* sql_lesson.app */;
			productType = "com.apple.product-type.application";
		};
/* End PBXNativeTarget section */

/* Begin PBXProject section */
		372F5DD929D0BD6000E46FCE /* Project object */ = {
			isa = PBXProject;
			attributes = {
				BuildIndependentTargetsInParallel = 1;
				LastSwiftUpdateCheck = 1420;
				LastUpgradeCheck = 1420;
				TargetAttributes = {
					372F5DE029D0BD6000E46FCE = {
						CreatedOnToolsVersion = 14.2;
					};
				};
			};
			buildConfigurationList = 372F5DDC29D0BD6000E46FCE /* Build configuration list for PBXProject "sql_lesson" */;
			compatibilityVersion = "Xcode 14.0";
			developmentRegion = en;
			hasScannedForEncodings = 0;
			knownRegions = (
				en,
				Base,
			);
			mainGroup = 372F5DD829D0BD6000E46FCE;
			packageReferences = (
				372F5DF829D0BD8600E46FCE /* XCRemoteSwiftPackageReference "SQLite.swift" */,
			);
			productRefGroup = 372F5DE229D0BD6000E46FCE /* Products */;
			projectDirPath = "";
			projectRoot = "";
			targets = (
				372F5DE029D0BD6000E46FCE /* sql_lesson */,
			);
		};
/* End PBXProject section */

/* Begin PBXResourcesBuildPhase section */
		372F5DDF29D0BD6000E46FCE /* Resources */ = {
			isa = PBXResourcesBuildPhase;
			buildActionMask = 2147483647;
			files = (
				372F5DF129D0BD6200E46FCE /* LaunchScreen.storyboard in Resources */,
				372F5DEE29D0BD6200E46FCE /* Assets.xcassets in Resources */,
				372F5DEC29D0BD6000E46FCE /* Main.storyboard in Resources */,
			);
			runOnlyForDeploymentPostprocessing = 0;
		};
/* End PBXResourcesBuildPhase section */

/* Begin PBXSourcesBuildPhase section */
		372F5DDD29D0BD6000E46FCE /* Sources */ = {
			isa = PBXSourcesBuildPhase;
			buildActionMask = 2147483647;
			files = (
				379F3F1C29D14E67001AEC78 /* DBManager.swift in Sources */,
				372F5DE929D0BD6000E46FCE /* ViewController.swift in Sources */,
				379F3F1A29D14E33001AEC78 /* Employee.swift in Sources */,
				372F5DE529D0BD6000E46FCE /* AppDelegate.swift in Sources */,
				372F5DE729D0BD6000E46FCE /* SceneDelegate.swift in Sources */,
				379F3F1E29D15544001AEC78 /* ContactViewController.swift in Sources */,
			);
			runOnlyForDeploymentPostprocessing = 0;
		};
/* End PBXSourcesBuildPhase section */

/* Begin PBXVariantGroup section */
		372F5DEA29D0BD6000E46FCE /* Main.storyboard */ = {
			isa = PBXVariantGroup;
			children = (
				372F5DEB29D0BD6000E46FCE /* Base */,
			);
			name = Main.storyboard;
			sourceTree = "<group>";
		};
		372F5DEF29D0BD6200E46FCE /* LaunchScreen.storyboard */ = {
			isa = PBXVariantGroup;
			children = (
				372F5DF029D0BD6200E46FCE /* Base */,
			);
			name = LaunchScreen.storyboard;
			sourceTree = "<group>";
		};
/* End PBXVariantGroup section */

/* Begin XCBuildConfiguration section */
		372F5DF329D0BD6200E46FCE /* Debug */ = {
			isa = XCBuildConfiguration;
			buildSettings = {
				ALWAYS_SEARCH_USER_PATHS = NO;
				CLANG_ANALYZER_NONNULL = YES;
				CLANG_ANALYZER_NUMBER_OBJECT_CONVERSION = YES_AGGRESSIVE;
				CLANG_CXX_LANGUAGE_STANDARD = "gnu++20";
				CLANG_ENABLE_MODULES = YES;
				CLANG_ENABLE_OBJC_ARC = YES;
				CLANG_ENABLE_OBJC_WEAK = YES;
				CLANG_WARN_BLOCK_CAPTURE_AUTORELEASING = YES;
				CLANG_WARN_BOOL_CONVERSION = YES;
				CLANG_WARN_COMMA = YES;
				CLANG_WARN_CONSTANT_CONVERSION = YES;
				CLANG_WARN_DEPRECATED_OBJC_IMPLEMENTATIONS = YES;
				CLANG_WARN_DIRECT_OBJC_ISA_USAGE = YES_ERROR;
				CLANG_WARN_DOCUMENTATION_COMMENTS = YES;
				CLANG_WARN_EMPTY_BODY = YES;
				CLANG_WARN_ENUM_CONVERSION = YES;
				CLANG_WARN_INFINITE_RECURSION = YES;
				CLANG_WARN_INT_CONVERSION = YES;
				CLANG_WARN_NON_LITERAL_NULL_CONVERSION = YES;
				CLANG_WARN_OBJC_IMPLICIT_RETAIN_SELF = YES;
				CLANG_WARN_OBJC_LITERAL_CONVERSION = YES;
				CLANG_WARN_OBJC_ROOT_CLASS = YES_ERROR;
				CLANG_WARN_QUOTED_INCLUDE_IN_FRAMEWORK_HEADER = YES;
				CLANG_WARN_RANGE_LOOP_ANALYSIS = YES;
				CLANG_WARN_STRICT_PROTOTYPES = YES;
				CLANG_WARN_SUSPICIOUS_MOVE = YES;
				CLANG_WARN_UNGUARDED_AVAILABILITY = YES_AGGRESSIVE;
				CLANG_WARN_UNREACHABLE_CODE = YES;
				CLANG_WARN__DUPLICATE_METHOD_MATCH = YES;
				COPY_PHASE_STRIP = NO;
				DEBUG_INFORMATION_FORMAT = dwarf;
				ENABLE_STRICT_OBJC_MSGSEND = YES;
				ENABLE_TESTABILITY = YES;
				GCC_C_LANGUAGE_STANDARD = gnu11;
				GCC_DYNAMIC_NO_PIC = NO;
				GCC_NO_COMMON_BLOCKS = YES;
				GCC_OPTIMIZATION_LEVEL = 0;
				GCC_PREPROCESSOR_DEFINITIONS = (
					"DEBUG=1",
					"$(inherited)",
				);
				GCC_WARN_64_TO_32_BIT_CONVERSION = YES;
				GCC_WARN_ABOUT_RETURN_TYPE = YES_ERROR;
				GCC_WARN_UNDECLARED_SELECTOR = YES;
				GCC_WARN_UNINITIALIZED_AUTOS = YES_AGGRESSIVE;
				GCC_WARN_UNUSED_FUNCTION = YES;
				GCC_WARN_UNUSED_VARIABLE = YES;
				IPHONEOS_DEPLOYMENT_TARGET = 16.2;
				MTL_ENABLE_DEBUG_INFO = INCLUDE_SOURCE;
				MTL_FAST_MATH = YES;
				ONLY_ACTIVE_ARCH = YES;
				SDKROOT = iphoneos;
				SWIFT_ACTIVE_COMPILATION_CONDITIONS = DEBUG;
				SWIFT_OPTIMIZATION_LEVEL = "-Onone";
			};
			name = Debug;
		};
		372F5DF429D0BD6200E46FCE /* Release */ = {
			isa = XCBuildConfiguration;
			buildSettings = {
				ALWAYS_SEARCH_USER_PATHS = NO;
				CLANG_ANALYZER_NONNULL = YES;
				CLANG_ANALYZER_NUMBER_OBJECT_CONVERSION = YES_AGGRESSIVE;
				CLANG_CXX_LANGUAGE_STANDARD = "gnu++20";
				CLANG_ENABLE_MODULES = YES;
				CLANG_ENABLE_OBJC_ARC = YES;
				CLANG_ENABLE_OBJC_WEAK = YES;
				CLANG_WARN_BLOCK_CAPTURE_AUTORELEASING = YES;
				CLANG_WARN_BOOL_CONVERSION = YES;
				CLANG_WARN_COMMA = YES;
				CLANG_WARN_CONSTANT_CONVERSION = YES;
				CLANG_WARN_DEPRECATED_OBJC_IMPLEMENTATIONS = YES;
				CLANG_WARN_DIRECT_OBJC_ISA_USAGE = YES_ERROR;
				CLANG_WARN_DOCUMENTATION_COMMENTS = YES;
				CLANG_WARN_EMPTY_BODY = YES;
				CLANG_WARN_ENUM_CONVERSION = YES;
				CLANG_WARN_INFINITE_RECURSION = YES;
				CLANG_WARN_INT_CONVERSION = YES;
				CLANG_WARN_NON_LITERAL_NULL_CONVERSION = YES;
				CLANG_WARN_OBJC_IMPLICIT_RETAIN_SELF = YES;
				CLANG_WARN_OBJC_LITERAL_CONVERSION = YES;
				CLANG_WARN_OBJC_ROOT_CLASS = YES_ERROR;
				CLANG_WARN_QUOTED_INCLUDE_IN_FRAMEWORK_HEADER = YES;
				CLANG_WARN_RANGE_LOOP_ANALYSIS = YES;
				CLANG_WARN_STRICT_PROTOTYPES = YES;
				CLANG_WARN_SUSPICIOUS_MOVE = YES;
				CLANG_WARN_UNGUARDED_AVAILABILITY = YES_AGGRESSIVE;
				CLANG_WARN_UNREACHABLE_CODE = YES;
				CLANG_WARN__DUPLICATE_METHOD_MATCH = YES;
				COPY_PHASE_STRIP = NO;
				DEBUG_INFORMATION_FORMAT = "dwarf-with-dsym";
				ENABLE_NS_ASSERTIONS = NO;
				ENABLE_STRICT_OBJC_MSGSEND = YES;
				GCC_C_LANGUAGE_STANDARD = gnu11;
				GCC_NO_COMMON_BLOCKS = YES;
				GCC_WARN_64_TO_32_BIT_CONVERSION = YES;
				GCC_WARN_ABOUT_RETURN_TYPE = YES_ERROR;
				GCC_WARN_UNDECLARED_SELECTOR = YES;
				GCC_WARN_UNINITIALIZED_AUTOS = YES_AGGRESSIVE;
				GCC_WARN_UNUSED_FUNCTION = YES;
				GCC_WARN_UNUSED_VARIABLE = YES;
				IPHONEOS_DEPLOYMENT_TARGET = 16.2;
				MTL_ENABLE_DEBUG_INFO = NO;
				MTL_FAST_MATH = YES;
				SDKROOT = iphoneos;
				SWIFT_COMPILATION_MODE = wholemodule;
				SWIFT_OPTIMIZATION_LEVEL = "-O";
				VALIDATE_PRODUCT = YES;
			};
			name = Release;
		};
		372F5DF629D0BD6200E46FCE /* Debug */ = {
			isa = XCBuildConfiguration;
			buildSettings = {
				ASSETCATALOG_COMPILER_APPICON_NAME = AppIcon;
				ASSETCATALOG_COMPILER_GLOBAL_ACCENT_COLOR_NAME = AccentColor;
				CODE_SIGN_STYLE = Automatic;
				CURRENT_PROJECT_VERSION = 1;
				DEVELOPMENT_TEAM = UM6H87Z62Q;
				GENERATE_INFOPLIST_FILE = YES;
				INFOPLIST_FILE = sql_lesson/Info.plist;
				INFOPLIST_KEY_UIApplicationSupportsIndirectInputEvents = YES;
				INFOPLIST_KEY_UILaunchStoryboardName = LaunchScreen;
				INFOPLIST_KEY_UIMainStoryboardFile = Main;
				INFOPLIST_KEY_UISupportedInterfaceOrientations_iPad = "UIInterfaceOrientationPortrait UIInterfaceOrientationPortraitUpsideDown UIInterfaceOrientationLandscapeLeft UIInterfaceOrientationLandscapeRight";
				INFOPLIST_KEY_UISupportedInterfaceOrientations_iPhone = "UIInterfaceOrientationPortrait UIInterfaceOrientationLandscapeLeft UIInterfaceOrientationLandscapeRight";
				LD_RUNPATH_SEARCH_PATHS = (
					"$(inherited)",
					"@executable_path/Frameworks",
				);
				MARKETING_VERSION = 1.0;
				PRODUCT_BUNDLE_IDENTIFIER = "Daniyal4Real.sql-lesson";
				PRODUCT_NAME = "$(TARGET_NAME)";
				SWIFT_EMIT_LOC_STRINGS = YES;
				SWIFT_VERSION = 5.0;
				TARGETED_DEVICE_FAMILY = "1,2";
			};
			name = Debug;
		};
		372F5DF729D0BD6200E46FCE /* Release */ = {
			isa = XCBuildConfiguration;
			buildSettings = {
				ASSETCATALOG_COMPILER_APPICON_NAME = AppIcon;
				ASSETCATALOG_COMPILER_GLOBAL_ACCENT_COLOR_NAME = AccentColor;
				CODE_SIGN_STYLE = Automatic;
				CURRENT_PROJECT_VERSION = 1;
				DEVELOPMENT_TEAM = UM6H87Z62Q;
				GENERATE_INFOPLIST_FILE = YES;
				INFOPLIST_FILE = sql_lesson/Info.plist;
				INFOPLIST_KEY_UIApplicationSupportsIndirectInputEvents = YES;
				INFOPLIST_KEY_UILaunchStoryboardName = LaunchScreen;
				INFOPLIST_KEY_UIMainStoryboardFile = Main;
				INFOPLIST_KEY_UISupportedInterfaceOrientations_iPad = "UIInterfaceOrientationPortrait UIInterfaceOrientationPortraitUpsideDown UIInterfaceOrientationLandscapeLeft UIInterfaceOrientationLandscapeRight";
				INFOPLIST_KEY_UISupportedInterfaceOrientations_iPhone = "UIInterfaceOrientationPortrait UIInterfaceOrientationLandscapeLeft UIInterfaceOrientationLandscapeRight";
				LD_RUNPATH_SEARCH_PATHS = (
					"$(inherited)",
					"@executable_path/Frameworks",
				);
				MARKETING_VERSION = 1.0;
				PRODUCT_BUNDLE_IDENTIFIER = "Daniyal4Real.sql-lesson";
				PRODUCT_NAME = "$(TARGET_NAME)";
				SWIFT_EMIT_LOC_STRINGS = YES;
				SWIFT_VERSION = 5.0;
				TARGETED_DEVICE_FAMILY = "1,2";
			};
			name = Release;
		};
/* End XCBuildConfiguration section */

/* Begin XCConfigurationList section */
		372F5DDC29D0BD6000E46FCE /* Build configuration list for PBXProject "sql_lesson" */ = {
			isa = XCConfigurationList;
			buildConfigurations = (
				372F5DF329D0BD6200E46FCE /* Debug */,
				372F5DF429D0BD6200E46FCE /* Release */,
			);
			defaultConfigurationIsVisible = 0;
			defaultConfigurationName = Release;
		};
		372F5DF529D0BD6200E46FCE /* Build configuration list for PBXNativeTarget "sql_lesson" */ = {
			isa = XCConfigurationList;
			buildConfigurations = (
				372F5DF629D0BD6200E46FCE /* Debug */,
				372F5DF729D0BD6200E46FCE /* Release */,
			);
			defaultConfigurationIsVisible = 0;
			defaultConfigurationName = Release;
		};
/* End XCConfigurationList section */

/* Begin XCRemoteSwiftPackageReference section */
		372F5DF829D0BD8600E46FCE /* XCRemoteSwiftPackageReference "SQLite.swift" */ = {
			isa = XCRemoteSwiftPackageReference;
			repositoryURL = "https://github.com/stephencelis/SQLite.swift.git";
			requirement = {
				kind = upToNextMajorVersion;
				minimumVersion = 0.9.2;
			};
		};
/* End XCRemoteSwiftPackageReference section */

/* Begin XCSwiftPackageProductDependency section */
		372F5DF929D0BD8600E46FCE /* SQLite */ = {
			isa = XCSwiftPackageProductDependency;
			package = 372F5DF829D0BD8600E46FCE /* XCRemoteSwiftPackageReference "SQLite.swift" */;
			productName = SQLite;
		};
/* End XCSwiftPackageProductDependency section */
	};
	rootObject = 372F5DD929D0BD6000E46FCE /* Project object */;
}
